<?xml version="1.0" encoding="utf-8"?>
<Project ToolsVersion="4.0" xmlns="http://schemas.microsoft.com/developer/msbuild/2003">
  <ItemGroup>
    <Filter Include="Source Files">
      <UniqueIdentifier>{4FC737F1-C7A5-4376-A066-2A32D752A2FF}</UniqueIdentifier>
      <Extensions>cpp;c;cc;cxx;c++;cppm;ixx;def;odl;idl;hpj;bat;asm;asmx</Extensions>
    </Filter>
    <Filter Include="Header Files">
      <UniqueIdentifier>{93995380-89BD-4b04-88EB-625FBE52EBFB}</UniqueIdentifier>
      <Extensions>h;hh;hpp;hxx;h++;hm;inl;inc;ipp;xsd</Extensions>
    </Filter>
    <Filter Include="Resource Files">
      <UniqueIdentifier>{67DA6AB6-F800-4c08-8B7A-83BB121AAD01}</UniqueIdentifier>
      <Extensions>rc;ico;cur;bmp;dlg;rc2;rct;bin;rgs;gif;jpg;jpeg;jpe;resx;tiff;tif;png;wav;mfcribbon-ms</Extensions>
    </Filter>
    <Filter Include="Engine">
      <UniqueIdentifier>{0a6847f0-f12e-4e58-a108-77884544aba5}</UniqueIdentifier>
    </Filter>
    <Filter Include="Game">
      <UniqueIdentifier>{52057cdb-67f9-4c7e-9b02-86a36f1f34cc}</UniqueIdentifier>
    </Filter>
    <Filter Include="Engine\Physics">
      <UniqueIdentifier>{abf05ab0-e0bb-48b6-a49e-55f55a6d95d9}</UniqueIdentifier>
    </Filter>
    <Filter Include="Engine\Physics\Collider">
      <UniqueIdentifier>{7633b283-a6ab-4ce3-bbc7-408f1786f96e}</UniqueIdentifier>
    </Filter>
    <Filter Include="Game\MyGame">
      <UniqueIdentifier>{c080650c-dda5-4ea2-9da5-10627c074f79}</UniqueIdentifier>
    </Filter>
    <Filter Include="Game\TestScene">
      <UniqueIdentifier>{7ab19375-db33-443e-8288-578047d75ea8}</UniqueIdentifier>
    </Filter>
    <Filter Include="Engine\Physics\CollisionManager">
      <UniqueIdentifier>{55bd6439-64fd-44fa-9269-8e7cea943100}</UniqueIdentifier>
    </Filter>
    <Filter Include="Engine\Physics\CircleCollider">
      <UniqueIdentifier>{b6bc756b-2106-4690-928c-34f3e7cdcf8a}</UniqueIdentifier>
    </Filter>
    <Filter Include="Game\CollisionTest">
      <UniqueIdentifier>{b3d0eede-f2bd-4030-af64-b30f089b7097}</UniqueIdentifier>
    </Filter>
    <Filter Include="Engine\Physics\Cell">
      <UniqueIdentifier>{c2bb05a0-498e-4bbb-8e55-936ea98718ea}</UniqueIdentifier>
    </Filter>
    <Filter Include="Engine\Physics\RectangleCollider">
      <UniqueIdentifier>{15fc10ae-36e1-4b75-9e25-7a468db0cb3b}</UniqueIdentifier>
    </Filter>
    <Filter Include="Engine\Base">
      <UniqueIdentifier>{15bad87e-1afd-4d66-9b6f-cbfae026bb23}</UniqueIdentifier>
    </Filter>
    <Filter Include="Engine\Base\Object">
      <UniqueIdentifier>{35c56d62-ebfb-454c-9b35-5dbaededeb60}</UniqueIdentifier>
    </Filter>
    <Filter Include="Engine\Base\InputManager">
      <UniqueIdentifier>{8bfeea89-f4f8-4bae-9548-e378443badc4}</UniqueIdentifier>
    </Filter>
    <Filter Include="Engine\Base\GameObject">
      <UniqueIdentifier>{929fe83f-7cc5-4967-9d61-3a42c45fcd43}</UniqueIdentifier>
    </Filter>
    <Filter Include="Engine\Base\Game">
      <UniqueIdentifier>{812da712-7370-416a-bc2f-279e5ceb5b83}</UniqueIdentifier>
    </Filter>
    <Filter Include="Engine\Base\Component">
      <UniqueIdentifier>{e880023c-daa4-4203-ae6c-cef527895b58}</UniqueIdentifier>
    </Filter>
    <Filter Include="Engine\Base\AnimatedSpriteRenderer">
      <UniqueIdentifier>{0379d811-5a5d-4684-b2a8-19d89042c6b1}</UniqueIdentifier>
    </Filter>
    <Filter Include="Engine\Base\Scene">
      <UniqueIdentifier>{c84ce0b1-023d-4deb-8b38-ecce1c26af9c}</UniqueIdentifier>
    </Filter>
    <Filter Include="Engine\Base\SceneManager">
      <UniqueIdentifier>{c2cefa6c-cad1-4c4e-9f6e-ca1ec37a7116}</UniqueIdentifier>
    </Filter>
    <Filter Include="Engine\Base\SpriteRenderer">
      <UniqueIdentifier>{9044f9d3-e409-401d-a17f-e5d5f73e11a3}</UniqueIdentifier>
    </Filter>
    <Filter Include="Engine\Base\TextureCache">
      <UniqueIdentifier>{3eeef1a9-f1b5-4c85-9e08-c2df6737aa0b}</UniqueIdentifier>
    </Filter>
    <Filter Include="Engine\Base\TimeClass">
      <UniqueIdentifier>{c0efa380-cc2c-417f-ad0e-ffb514dee837}</UniqueIdentifier>
    </Filter>
    <Filter Include="Engine\Base\Transform">
      <UniqueIdentifier>{b4d9eed7-9696-46e9-8704-34cd3f738f5b}</UniqueIdentifier>
    </Filter>
    <Filter Include="Engine\Base\Vec2">
      <UniqueIdentifier>{4aec14da-7dab-41ef-b332-aa951842a7ee}</UniqueIdentifier>
    </Filter>
    <Filter Include="Game\EventTest">
      <UniqueIdentifier>{93c41389-6110-49fc-89c0-815bfa9c4ed0}</UniqueIdentifier>
    </Filter>
    <Filter Include="Engine\Base\Event">
      <UniqueIdentifier>{e834623f-21c8-4b76-9d24-f0673db20057}</UniqueIdentifier>
    </Filter>
  </ItemGroup>
  <ItemGroup>
    <ClCompile Include="main.cpp">
      <Filter>Engine</Filter>
    </ClCompile>
    <ClCompile Include="Base\Component.cpp">
      <Filter>Engine\Base\Component</Filter>
    </ClCompile>
    <ClCompile Include="Base\GameObject.cpp">
      <Filter>Engine\Base\GameObject</Filter>
    </ClCompile>
    <ClCompile Include="Base\Object.cpp">
      <Filter>Engine\Base\Object</Filter>
    </ClCompile>
    <ClCompile Include="Base\Vec2.cpp">
      <Filter>Engine\Base\Vec2</Filter>
    </ClCompile>
    <ClCompile Include="Base\Transform.cpp">
      <Filter>Engine\Base\Transform</Filter>
    </ClCompile>
    <ClCompile Include="Base\TextureCache.cpp">
      <Filter>Engine\Base\TextureCache</Filter>
    </ClCompile>
    <ClCompile Include="Base\SpriteRenderer.cpp">
      <Filter>Engine\Base\SpriteRenderer</Filter>
    </ClCompile>
    <ClCompile Include="Base\TimeClass.cpp">
      <Filter>Engine\Base\TimeClass</Filter>
    </ClCompile>
    <ClCompile Include="Base\AnimationData.cpp">
      <Filter>Engine\Base\AnimatedSpriteRenderer</Filter>
    </ClCompile>
    <ClCompile Include="Base\AnimatedSpriteRenderer.cpp">
      <Filter>Engine\Base\AnimatedSpriteRenderer</Filter>
    </ClCompile>
    <ClCompile Include="Base\Scene.cpp">
      <Filter>Engine\Base\Scene</Filter>
    </ClCompile>
    <ClCompile Include="Base\SceneManager.cpp">
      <Filter>Engine\Base\SceneManager</Filter>
    </ClCompile>
    <ClCompile Include="Base\Game.cpp">
      <Filter>Engine\Base\Game</Filter>
    </ClCompile>
    <ClCompile Include="Base\InputManager.cpp">
      <Filter>Engine\Base\InputManager</Filter>
    </ClCompile>
    <ClCompile Include="Game\MyGame.cpp">
      <Filter>Game\MyGame</Filter>
    </ClCompile>
    <ClCompile Include="Game\TestScene.cpp">
      <Filter>Game\TestScene</Filter>
    </ClCompile>
    <ClCompile Include="Physics\Collider.cpp">
      <Filter>Engine\Physics\Collider</Filter>
    </ClCompile>
    <ClCompile Include="Physics\CollisionManager.cpp">
      <Filter>Engine\Physics\CollisionManager</Filter>
    </ClCompile>
    <ClCompile Include="Physics\CollisionInfo.cpp">
      <Filter>Engine\Physics\Collider</Filter>
    </ClCompile>
    <ClCompile Include="Physics\CircleCollider.cpp">
      <Filter>Engine\Physics\CircleCollider</Filter>
    </ClCompile>
    <ClCompile Include="Game\CollisionTest.cpp">
      <Filter>Game\CollisionTest</Filter>
    </ClCompile>
    <ClCompile Include="Game\EventTest.cpp">
      <Filter>Game\EventTest</Filter>
    </ClCompile>
    <ClCompile Include="Physics\RectangleCollider.cpp">
      <Filter>Engine\Physics\RectangleCollider</Filter>
    </ClCompile>
  </ItemGroup>
  <ItemGroup>
    <ClInclude Include="Base\GameObject.h">
      <Filter>Engine\Base\GameObject</Filter>
    </ClInclude>
    <ClInclude Include="Base\Object.h">
      <Filter>Engine\Base\Object</Filter>
    </ClInclude>
    <ClInclude Include="Base\Component.h">
      <Filter>Engine\Base\Component</Filter>
    </ClInclude>
    <ClInclude Include="Base\Transform.h">
      <Filter>Engine\Base\Transform</Filter>
    </ClInclude>
    <ClInclude Include="Base\Vec2.h">
      <Filter>Engine\Base\Vec2</Filter>
    </ClInclude>
    <ClInclude Include="Base\SpriteRenderer.h">
      <Filter>Engine\Base\SpriteRenderer</Filter>
    </ClInclude>
    <ClInclude Include="Base\TextureCache.h">
      <Filter>Engine\Base\TextureCache</Filter>
    </ClInclude>
    <ClInclude Include="Base\TimeClass.h">
      <Filter>Engine\Base\TimeClass</Filter>
    </ClInclude>
    <ClInclude Include="Base\AnimatedSpriteRenderer.h">
      <Filter>Engine\Base\AnimatedSpriteRenderer</Filter>
    </ClInclude>
    <ClInclude Include="Base\AnimationData.h">
      <Filter>Engine\Base\AnimatedSpriteRenderer</Filter>
    </ClInclude>
    <ClInclude Include="Base\Scene.h">
      <Filter>Engine\Base\Scene</Filter>
    </ClInclude>
    <ClInclude Include="Base\SceneManager.h">
      <Filter>Engine\Base\SceneManager</Filter>
    </ClInclude>
    <ClInclude Include="Base\Game.h">
      <Filter>Engine\Base\Game</Filter>
    </ClInclude>
    <ClInclude Include="Base\InputManager.h">
      <Filter>Engine\Base\InputManager</Filter>
    </ClInclude>
    <ClInclude Include="Physics\Collider.h">
      <Filter>Engine\Physics\Collider</Filter>
    </ClInclude>
    <ClInclude Include="Game\MyGame.h">
      <Filter>Game\MyGame</Filter>
    </ClInclude>
    <ClInclude Include="Game\TestScene.h">
      <Filter>Game\TestScene</Filter>
    </ClInclude>
    <ClInclude Include="Physics\CollisionManager.h">
      <Filter>Engine\Physics\CollisionManager</Filter>
    </ClInclude>
    <ClInclude Include="Physics\CollisionInfo.h">
      <Filter>Engine\Physics\Collider</Filter>
    </ClInclude>
    <ClInclude Include="Physics\CircleCollider.h">
      <Filter>Engine\Physics\CircleCollider</Filter>
    </ClInclude>
    <ClInclude Include="Game\CollisionTest.h">
      <Filter>Game\CollisionTest</Filter>
    </ClInclude>
    <ClInclude Include="Physics\Cell.h">
      <Filter>Engine\Physics\Cell</Filter>
    </ClInclude>
    <ClInclude Include="Physics\RectangleCollider.h">
      <Filter>Engine\Physics\RectangleCollider</Filter>
    </ClInclude>
    <ClInclude Include="Game\EventTest.h">
      <Filter>Game\EventTest</Filter>
    </ClInclude>
    <ClInclude Include="Base\Event.h">
      <Filter>Engine\Base\Event</Filter>
    </ClInclude>
  </ItemGroup>
</Project>